
Microsoft Visual Studio Solution File, Format Version 12.00

Project("{2150E333-8FDC-42A3-9474-1A3956D46DE8}") = "Solution Items", "Solution Items", "{A91FB6A1-17A6-4EA1-A9C3-9C229C10A709}"
ProjectSection(SolutionItems) = preProject
	README.md = README.md
	CHANGELOG.md = CHANGELOG.md
	LICENSE = LICENSE
	.gitignore = .gitignore
	Directory.Build.props = Directory.Build.props
	.github\workflows\dotnet.yml = .github\workflows\dotnet.yml
	RELEASE.md = RELEASE.md
	AMAPI.md = AMAPI.md
EndProjectSection
EndProject

Project("{DA3EF296-0E10-44D0-8EB4-A44CC02AAB15}") = "ActionMenuApi", "ActionMenuApi\ActionMenuApi.csproj", "{4F1AFCA6-F4AC-49B9-9FEE-3C83C4664835}"
EndProject
Project("{FAE04EC0-301F-11D3-BF4B-00C04F79EFBC}") = "WorldPredownload", "WorldPredownload\WorldPredownload.csproj", "{24F66D86-8B5C-4E4E-BCC2-06662E66C0EC}"
EndProject
Project("{FAE04EC0-301F-11D3-BF4B-00C04F79EFBC}") = "ActionMenuUtils", "ActionMenuUtils\ActionMenuUtils.csproj", "{7477F0C4-44AC-4049-A81E-E6A66F28B73C}"
EndProject

Project("{FAE04EC0-301F-11D3-BF4B-00C04F79EFBC}") = "StandaloneThirdPerson", "StandaloneThirdPerson\StandaloneThirdPerson.csproj", "{A5F07D37-CAB2-43C7-98AF-F8184CC71DA1}"
EndProject
Project("{FAE04EC0-301F-11D3-BF4B-00C04F79EFBC}") = "UpdateChecker", "UpdateChecker\UpdateChecker.csproj", "{2D0C38BE-2E7A-4E10-A066-9397D319EC4E}"
EndProject
Project("{FAE04EC0-301F-11D3-BF4B-00C04F79EFBC}") = "ActionMenuTestMod", "ActionMenuTestMod\ActionMenuTestMod.csproj", "{3E808C0A-0BF6-4DC6-808C-3BF377CC1E8E}"
EndProject
Project("{2150E333-8FDC-42A3-9474-1A3956D46DE8}") = "ModJsons", "ModJsons", "{95E54976-2D6F-45C8-97AB-02795D86757A}"
ProjectSection(SolutionItems) = preProject
	ModJsons\ActionMenuApi.json = ModJsons\ActionMenuApi.json
	ModJsons\ActionMenuUtils.json = ModJsons\ActionMenuUtils.json
	ModJsons\StandaloneThirdPerson.json = ModJsons\StandaloneThirdPerson.json
	ModJsons\UpdateChecker.json = ModJsons\UpdateChecker.json
	ModJsons\WorldPredownload.json = ModJsons\WorldPredownload.json
EndProjectSection
EndProject
Project("{2150E333-8FDC-42A3-9474-1A3956D46DE8}") = "Mods", "Mods", "{0AD02E34-80CC-4F88-9854-EB8DCA598060}"
EndProject
Project("{2150E333-8FDC-42A3-9474-1A3956D46DE8}") = "Tools", "Tools", "{ADB59D68-0A08-4A36-BC2E-A4C0BEE85493}"
EndProject
Project("{FAE04EC0-301F-11D3-BF4B-00C04F79EFBC}") = "ModJsonGenerator", "Tools\ModJsonGenerator\ModJsonGenerator.csproj", "{53A31D9D-30F8-4BE4-B372-AA6BFCEC8AB5}"
EndProject
Project("{FAE04EC0-301F-11D3-BF4B-00C04F79EFBC}") = "IntegrityCheckWeaver", "Tools\IntegrityCheckWeaver\IntegrityCheckWeaver.csproj", "{F22893E9-9659-4202-BE11-F2A2B5B64BF8}"
EndProject
Project("{FAE04EC0-301F-11D3-BF4B-00C04F79EFBC}") = "IntegrityCheckGenerator", "Tools\IntegrityCheckGenerator\IntegrityCheckGenerator.csproj", "{8ABFFF11-816C-4F80-AE58-F25A29087C8F}"
EndProject
Project("{FAE04EC0-301F-11D3-BF4B-00C04F79EFBC}") = "MDBGenerator", "Tools\MDBGenerator\MDBGenerator.csproj", "{441946F8-20AE-461C-8324-54352949D035}"
EndProject

Global
	GlobalSection(SolutionConfigurationPlatforms) = preSolution
		Debug|Any CPU = Debug|Any CPU
		Release|Any CPU = Release|Any CPU
	EndGlobalSection
	GlobalSection(ProjectConfigurationPlatforms) = postSolution
								{4F1AFCA6-F4AC-49B9-9FEE-3C83C4664835}.Debug|Any CPU.ActiveCfg = Debug|Any CPU
								{4F1AFCA6-F4AC-49B9-9FEE-3C83C4664835}.Debug|Any CPU.Build.0 = Debug|Any CPU
								{4F1AFCA6-F4AC-49B9-9FEE-3C83C4664835}.Release|Any CPU.ActiveCfg = Release|Any CPU
								{4F1AFCA6-F4AC-49B9-9FEE-3C83C4664835}.Release|Any CPU.Build.0 = Release|Any CPU
		{24F66D86-8B5C-4E4E-BCC2-06662E66C0EC}.Debug|Any CPU.ActiveCfg = Debug|Any CPU
		{24F66D86-8B5C-4E4E-BCC2-06662E66C0EC}.Debug|Any CPU.Build.0 = Debug|Any CPU
		{24F66D86-8B5C-4E4E-BCC2-06662E66C0EC}.Release|Any CPU.ActiveCfg = Release|Any CPU
		{24F66D86-8B5C-4E4E-BCC2-06662E66C0EC}.Release|Any CPU.Build.0 = Release|Any CPU
		{7477F0C4-44AC-4049-A81E-E6A66F28B73C}.Debug|Any CPU.ActiveCfg = Debug|Any CPU
		{7477F0C4-44AC-4049-A81E-E6A66F28B73C}.Debug|Any CPU.Build.0 = Debug|Any CPU
		{7477F0C4-44AC-4049-A81E-E6A66F28B73C}.Release|Any CPU.ActiveCfg = Release|Any CPU
		{7477F0C4-44AC-4049-A81E-E6A66F28B73C}.Release|Any CPU.Build.0 = Release|Any CPU
		{A5F07D37-CAB2-43C7-98AF-F8184CC71DA1}.Debug|Any CPU.ActiveCfg = Debug|Any CPU
		{A5F07D37-CAB2-43C7-98AF-F8184CC71DA1}.Debug|Any CPU.Build.0 = Debug|Any CPU
		{A5F07D37-CAB2-43C7-98AF-F8184CC71DA1}.Release|Any CPU.ActiveCfg = Release|Any CPU
		{A5F07D37-CAB2-43C7-98AF-F8184CC71DA1}.Release|Any CPU.Build.0 = Release|Any CPU
		{2D0C38BE-2E7A-4E10-A066-9397D319EC4E}.Debug|Any CPU.ActiveCfg = Debug|Any CPU
		{2D0C38BE-2E7A-4E10-A066-9397D319EC4E}.Debug|Any CPU.Build.0 = Debug|Any CPU
		{2D0C38BE-2E7A-4E10-A066-9397D319EC4E}.Release|Any CPU.ActiveCfg = Release|Any CPU
		{2D0C38BE-2E7A-4E10-A066-9397D319EC4E}.Release|Any CPU.Build.0 = Release|Any CPU
		{3E808C0A-0BF6-4DC6-808C-3BF377CC1E8E}.Debug|Any CPU.ActiveCfg = Debug|Any CPU
		{3E808C0A-0BF6-4DC6-808C-3BF377CC1E8E}.Debug|Any CPU.Build.0 = Debug|Any CPU
		{3E808C0A-0BF6-4DC6-808C-3BF377CC1E8E}.Release|Any CPU.ActiveCfg = Release|Any CPU
		{3E808C0A-0BF6-4DC6-808C-3BF377CC1E8E}.Release|Any CPU.Build.0 = Release|Any CPU
		{53A31D9D-30F8-4BE4-B372-AA6BFCEC8AB5}.Debug|Any CPU.ActiveCfg = Debug|Any CPU
		{53A31D9D-30F8-4BE4-B372-AA6BFCEC8AB5}.Debug|Any CPU.Build.0 = Debug|Any CPU
		{53A31D9D-30F8-4BE4-B372-AA6BFCEC8AB5}.Release|Any CPU.ActiveCfg = Release|Any CPU
		{53A31D9D-30F8-4BE4-B372-AA6BFCEC8AB5}.Release|Any CPU.Build.0 = Release|Any CPU
		{F22893E9-9659-4202-BE11-F2A2B5B64BF8}.Debug|Any CPU.ActiveCfg = Debug|Any CPU
		{F22893E9-9659-4202-BE11-F2A2B5B64BF8}.Debug|Any CPU.Build.0 = Debug|Any CPU
		{F22893E9-9659-4202-BE11-F2A2B5B64BF8}.Release|Any CPU.ActiveCfg = Release|Any CPU
		{F22893E9-9659-4202-BE11-F2A2B5B64BF8}.Release|Any CPU.Build.0 = Release|Any CPU
		{8ABFFF11-816C-4F80-AE58-F25A29087C8F}.Debug|Any CPU.ActiveCfg = Debug|Any CPU
		{8ABFFF11-816C-4F80-AE58-F25A29087C8F}.Debug|Any CPU.Build.0 = Debug|Any CPU
		{8ABFFF11-816C-4F80-AE58-F25A29087C8F}.Release|Any CPU.ActiveCfg = Release|Any CPU
		{8ABFFF11-816C-4F80-AE58-F25A29087C8F}.Release|Any CPU.Build.0 = Release|Any CPU
		{441946F8-20AE-461C-8324-54352949D035}.Debug|Any CPU.ActiveCfg = Debug|Any CPU
		{441946F8-20AE-461C-8324-54352949D035}.Debug|Any CPU.Build.0 = Debug|Any CPU
		{441946F8-20AE-461C-8324-54352949D035}.Release|Any CPU.ActiveCfg = Release|Any CPU
		{441946F8-20AE-461C-8324-54352949D035}.Release|Any CPU.Build.0 = Release|Any CPU
	EndGlobalSection
	GlobalSection(NestedProjects) = preSolution
		{4F1AFCA6-F4AC-49B9-9FEE-3C83C4664835} = {0AD02E34-80CC-4F88-9854-EB8DCA598060}
		{3E808C0A-0BF6-4DC6-808C-3BF377CC1E8E} = {0AD02E34-80CC-4F88-9854-EB8DCA598060}
		{7477F0C4-44AC-4049-A81E-E6A66F28B73C} = {0AD02E34-80CC-4F88-9854-EB8DCA598060}
		{A5F07D37-CAB2-43C7-98AF-F8184CC71DA1} = {0AD02E34-80CC-4F88-9854-EB8DCA598060}
		{2D0C38BE-2E7A-4E10-A066-9397D319EC4E} = {0AD02E34-80CC-4F88-9854-EB8DCA598060}
		{24F66D86-8B5C-4E4E-BCC2-06662E66C0EC} = {0AD02E34-80CC-4F88-9854-EB8DCA598060}
		{53A31D9D-30F8-4BE4-B372-AA6BFCEC8AB5} = {ADB59D68-0A08-4A36-BC2E-A4C0BEE85493}
		{F22893E9-9659-4202-BE11-F2A2B5B64BF8} = {ADB59D68-0A08-4A36-BC2E-A4C0BEE85493}
		{8ABFFF11-816C-4F80-AE58-F25A29087C8F} = {ADB59D68-0A08-4A36-BC2E-A4C0BEE85493}
		{441946F8-20AE-461C-8324-54352949D035} = {ADB59D68-0A08-4A36-BC2E-A4C0BEE85493}
	EndGlobalSection
EndGlobal
